// !$*UTF8*$!
{
	archiveVersion = 1;
	classes = {
	};
	objectVersion = 46;
	objects = {

/* Begin PBXBuildFile section */
		768283EC1EEDC0B600F290FD /* AppDelegate.swift in Sources */ = {isa = PBXBuildFile; fileRef = 768283EB1EEDC0B600F290FD /* AppDelegate.swift */; };
		768283EE1EEDC0B600F290FD /* GameScene.sks in Resources */ = {isa = PBXBuildFile; fileRef = 768283ED1EEDC0B600F290FD /* GameScene.sks */; };
		768283F21EEDC0B600F290FD /* GameScene.swift in Sources */ = {isa = PBXBuildFile; fileRef = 768283F11EEDC0B600F290FD /* GameScene.swift */; };
		768283F41EEDC0B600F290FD /* GameViewController.swift in Sources */ = {isa = PBXBuildFile; fileRef = 768283F31EEDC0B600F290FD /* GameViewController.swift */; };
		768283F71EEDC0B600F290FD /* Main.storyboard in Resources */ = {isa = PBXBuildFile; fileRef = 768283F51EEDC0B600F290FD /* Main.storyboard */; };
		768283F91EEDC0B600F290FD /* Assets.xcassets in Resources */ = {isa = PBXBuildFile; fileRef = 768283F81EEDC0B600F290FD /* Assets.xcassets */; };
		768283FC1EEDC0B600F290FD /* LaunchScreen.storyboard in Resources */ = {isa = PBXBuildFile; fileRef = 768283FA1EEDC0B600F290FD /* LaunchScreen.storyboard */; };
		7682840B1EEDC0F900F290FD /* background.png in Resources */ = {isa = PBXBuildFile; fileRef = 768284041EEDC0F900F290FD /* background.png */; };
		7682840C1EEDC0F900F290FD /* background@2x.png in Resources */ = {isa = PBXBuildFile; fileRef = 768284051EEDC0F900F290FD /* background@2x.png */; };
		7682840D1EEDC0F900F290FD /* explode.sks in Resources */ = {isa = PBXBuildFile; fileRef = 768284061EEDC0F900F290FD /* explode.sks */; };
		7682840E1EEDC0F900F290FD /* fuse.sks in Resources */ = {isa = PBXBuildFile; fileRef = 768284071EEDC0F900F290FD /* fuse.sks */; };
		7682840F1EEDC0F900F290FD /* rocket.png in Resources */ = {isa = PBXBuildFile; fileRef = 768284081EEDC0F900F290FD /* rocket.png */; };
		768284101EEDC0F900F290FD /* rocket@2x.png in Resources */ = {isa = PBXBuildFile; fileRef = 768284091EEDC0F900F290FD /* rocket@2x.png */; };
		768284111EEDC0F900F290FD /* spark.png in Resources */ = {isa = PBXBuildFile; fileRef = 7682840A1EEDC0F900F290FD /* spark.png */; };
		768284131EEDD6CD00F290FD /* ToDo.txt in Resources */ = {isa = PBXBuildFile; fileRef = 768284121EEDD6CD00F290FD /* ToDo.txt */; };
/* End PBXBuildFile section */

/* Begin PBXFileReference section */
		768283E81EEDC0B600F290FD /* FireworksNight.app */ = {isa = PBXFileReference; explicitFileType = wrapper.application; includeInIndex = 0; path = FireworksNight.app; sourceTree = BUILT_PRODUCTS_DIR; };
		768283EB1EEDC0B600F290FD /* AppDelegate.swift */ = {isa = PBXFileReference; lastKnownFileType = sourcecode.swift; path = AppDelegate.swift; sourceTree = "<group>"; };
		768283ED1EEDC0B600F290FD /* GameScene.sks */ = {isa = PBXFileReference; lastKnownFileType = file.sks; path = GameScene.sks; sourceTree = "<group>"; };
		768283F11EEDC0B600F290FD /* GameScene.swift */ = {isa = PBXFileReference; lastKnownFileType = sourcecode.swift; path = GameScene.swift; sourceTree = "<group>"; };
		768283F31EEDC0B600F290FD /* GameViewController.swift */ = {isa = PBXFileReference; lastKnownFileType = sourcecode.swift; path = GameViewController.swift; sourceTree = "<group>"; };
		768283F61EEDC0B600F290FD /* Base */ = {isa = PBXFileReference; lastKnownFileType = file.storyboard; name = Base; path = Base.lproj/Main.storyboard; sourceTree = "<group>"; };
		768283F81EEDC0B600F290FD /* Assets.xcassets */ = {isa = PBXFileReference; lastKnownFileType = folder.assetcatalog; path = Assets.xcassets; sourceTree = "<group>"; };
		768283FB1EEDC0B600F290FD /* Base */ = {isa = PBXFileReference; lastKnownFileType = file.storyboard; name = Base; path = Base.lproj/LaunchScreen.storyboard; sourceTree = "<group>"; };
		768283FD1EEDC0B600F290FD /* Info.plist */ = {isa = PBXFileReference; lastKnownFileType = text.plist.xml; path = Info.plist; sourceTree = "<group>"; };
		768284041EEDC0F900F290FD /* background.png */ = {isa = PBXFileReference; lastKnownFileType = image.png; path = background.png; sourceTree = "<group>"; };
		768284051EEDC0F900F290FD /* background@2x.png */ = {isa = PBXFileReference; lastKnownFileType = image.png; path = "background@2x.png"; sourceTree = "<group>"; };
		768284061EEDC0F900F290FD /* explode.sks */ = {isa = PBXFileReference; lastKnownFileType = file.sks; path = explode.sks; sourceTree = "<group>"; };
		768284071EEDC0F900F290FD /* fuse.sks */ = {isa = PBXFileReference; lastKnownFileType = file.sks; path = fuse.sks; sourceTree = "<group>"; };
		768284081EEDC0F900F290FD /* rocket.png */ = {isa = PBXFileReference; lastKnownFileType = image.png; path = rocket.png; sourceTree = "<group>"; };
		768284091EEDC0F900F290FD /* rocket@2x.png */ = {isa = PBXFileReference; lastKnownFileType = image.png; path = "rocket@2x.png"; sourceTree = "<group>"; };
		7682840A1EEDC0F900F290FD /* spark.png */ = {isa = PBXFileReference; lastKnownFileType = image.png; path = spark.png; sourceTree = "<group>"; };
		768284121EEDD6CD00F290FD /* ToDo.txt */ = {isa = PBXFileReference; fileEncoding = 4; lastKnownFileType = text; path = ToDo.txt; sourceTree = "<group>"; };
/* End PBXFileReference section */

/* Begin PBXFrameworksBuildPhase section */
		768283E51EEDC0B600F290FD /* Frameworks */ = {
			isa = PBXFrameworksBuildPhase;
			buildActionMask = 2147483647;
			files = (
			);
			runOnlyForDeploymentPostprocessing = 0;
		};
/* End PBXFrameworksBuildPhase section */

/* Begin PBXGroup section */
		768283DF1EEDC0B600F290FD = {
			isa = PBXGroup;
			children = (
				768283EA1EEDC0B600F290FD /* FireworksNight */,
				768283E91EEDC0B600F290FD /* Products */,
			);
			sourceTree = "<group>";
		};
		768283E91EEDC0B600F290FD /* Products */ = {
			isa = PBXGroup;
			children = (
				768283E81EEDC0B600F290FD /* FireworksNight.app */,
			);
			name = Products;
			sourceTree = "<group>";
		};
		768283EA1EEDC0B600F290FD /* FireworksNight */ = {
			isa = PBXGroup;
			children = (
				768284031EEDC0F900F290FD /* Content */,
				768283EB1EEDC0B600F290FD /* AppDelegate.swift */,
				768283ED1EEDC0B600F290FD /* GameScene.sks */,
				768283F11EEDC0B600F290FD /* GameScene.swift */,
				768283F31EEDC0B600F290FD /* GameViewController.swift */,
				768283F51EEDC0B600F290FD /* Main.storyboard */,
				768283F81EEDC0B600F290FD /* Assets.xcassets */,
				768283FA1EEDC0B600F290FD /* LaunchScreen.storyboard */,
				768283FD1EEDC0B600F290FD /* Info.plist */,
				768284121EEDD6CD00F290FD /* ToDo.txt */,
			);
			path = FireworksNight;
			sourceTree = "<group>";
		};
		768284031EEDC0F900F290FD /* Content */ = {
			isa = PBXGroup;
			children = (
				768284041EEDC0F900F290FD /* background.png */,
				768284051EEDC0F900F290FD /* background@2x.png */,
				768284061EEDC0F900F290FD /* explode.sks */,
				768284071EEDC0F900F290FD /* fuse.sks */,
				768284081EEDC0F900F290FD /* rocket.png */,
				768284091EEDC0F900F290FD /* rocket@2x.png */,
				7682840A1EEDC0F900F290FD /* spark.png */,
			);
			path = Content;
			sourceTree = "<group>";
		};
/* End PBXGroup section */

/* Begin PBXNativeTarget section */
		768283E71EEDC0B600F290FD /* FireworksNight */ = {
			isa = PBXNativeTarget;
			buildConfigurationList = 768284001EEDC0B600F290FD /* Build configuration list for PBXNativeTarget "FireworksNight" */;
			buildPhases = (
				768283E41EEDC0B600F290FD /* Sources */,
				768283E51EEDC0B600F290FD /* Frameworks */,
				768283E61EEDC0B600F290FD /* Resources */,
			);
			buildRules = (
			);
			dependencies = (
			);
			name = FireworksNight;
			productName = FireworksNight;
			productReference = 768283E81EEDC0B600F290FD /* FireworksNight.app */;
			productType = "com.apple.product-type.application";
		};
/* End PBXNativeTarget section */

/* Begin PBXProject section */
		768283E01EEDC0B600F290FD /* Project object */ = {
			isa = PBXProject;
			attributes = {
				LastSwiftUpdateCheck = 0820;
				LastUpgradeCheck = 0820;
				ORGANIZATIONNAME = nbalsmeyer;
				TargetAttributes = {
					768283E71EEDC0B600F290FD = {
						CreatedOnToolsVersion = 8.2.1;
						ProvisioningStyle = Automatic;
					};
				};
			};
			buildConfigurationList = 768283E31EEDC0B600F290FD /* Build configuration list for PBXProject "FireworksNight" */;
			compatibilityVersion = "Xcode 3.2";
			developmentRegion = English;
			hasScannedForEncodings = 0;
			knownRegions = (
				en,
				Base,
			);
			mainGroup = 768283DF1EEDC0B600F290FD;
			productRefGroup = 768283E91EEDC0B600F290FD /* Products */;
			projectDirPath = "";
			projectRoot = "";
			targets = (
				768283E71EEDC0B600F290FD /* FireworksNight */,
			);
		};
/* End PBXProject section */

/* Begin PBXResourcesBuildPhase section */
		768283E61EEDC0B600F290FD /* Resources */ = {
			isa = PBXResourcesBuildPhase;
			buildActionMask = 2147483647;
			files = (
				768284111EEDC0F900F290FD /* spark.png in Resources */,
				768283F71EEDC0B600F290FD /* Main.storyboard in Resources */,
				7682840B1EEDC0F900F290FD /* background.png in Resources */,
				7682840E1EEDC0F900F290FD /* fuse.sks in Resources */,
				7682840F1EEDC0F900F290FD /* rocket.png in Resources */,
				7682840D1EEDC0F900F290FD /* explode.sks in Resources */,
				768283EE1EEDC0B600F290FD /* GameScene.sks in Resources */,
				768284101EEDC0F900F290FD /* rocket@2x.png in Resources */,
				768284131EEDD6CD00F290FD /* ToDo.txt in Resources */,
				768283F91EEDC0B600F290FD /* Assets.xcassets in Resources */,
				7682840C1EEDC0F900F290FD /* background@2x.png in Resources */,
				768283FC1EEDC0B600F290FD /* LaunchScreen.storyboard in Resources */,
			);
			runOnlyForDeploymentPostprocessing = 0;
		};
/* End PBXResourcesBuildPhase section */

/* Begin PBXSourcesBuildPhase section */
		768283E41EEDC0B600F290FD /* Sources */ = {
			isa = PBXSourcesBuildPhase;
			buildActionMask = 2147483647;
			files = (
				768283F21EEDC0B600F290FD /* GameScene.swift in Sources */,
				768283F41EEDC0B600F290FD /* GameViewController.swift in Sources */,
				768283EC1EEDC0B600F290FD /* AppDelegate.swift in Sources */,
			);
			runOnlyForDeploymentPostprocessing = 0;
		};
/* End PBXSourcesBuildPhase section */

/* Begin PBXVariantGroup section */
		768283F51EEDC0B600F290FD /* Main.storyboard */ = {
			isa = PBXVariantGroup;
			children = (
				768283F61EEDC0B600F290FD /* Base */,
			);
			name = Main.storyboard;
			sourceTree = "<group>";
		};
		768283FA1EEDC0B600F290FD /* LaunchScreen.storyboard */ = {
			isa = PBXVariantGroup;
			children = (
				768283FB1EEDC0B600F290FD /* Base */,
			);
			name = LaunchScreen.storyboard;
			sourceTree = "<group>";
		};
/* End PBXVariantGroup section */

/* Begin XCBuildConfiguration section */
		768283FE1EEDC0B600F290FD /* Debug */ = {
			isa = XCBuildConfiguration;
			buildSettings = {
				ALWAYS_SEARCH_USER_PATHS = NO;
				CLANG_ANALYZER_NONNULL = YES;
				CLANG_CXX_LANGUAGE_STANDARD = "gnu++0x";
				CLANG_CXX_LIBRARY = "libc++";
				CLANG_ENABLE_MODULES = YES;
				CLANG_ENABLE_OBJC_ARC = YES;
				CLANG_WARN_BOOL_CONVERSION = YES;
				CLANG_WARN_CONSTANT_CONVERSION = YES;
				CLANG_WARN_DIRECT_OBJC_ISA_USAGE = YES_ERROR;
				CLANG_WARN_DOCUMENTATION_COMMENTS = YES;
				CLANG_WARN_EMPTY_BODY = YES;
				CLANG_WARN_ENUM_CONVERSION = YES;
				CLANG_WARN_INFINITE_RECURSION = YES;
				CLANG_WARN_INT_CONVERSION = YES;
				CLANG_WARN_OBJC_ROOT_CLASS = YES_ERROR;
				CLANG_WARN_SUSPICIOUS_MOVE = YES;
				CLANG_WARN_UNREACHABLE_CODE = YES;
				CLANG_WARN__DUPLICATE_METHOD_MATCH = YES;
				"CODE_SIGN_IDENTITY[sdk=iphoneos*]" = "iPhone Developer";
				COPY_PHASE_STRIP = NO;
				DEBUG_INFORMATION_FORMAT = dwarf;
				ENABLE_STRICT_OBJC_MSGSEND = YES;
				ENABLE_TESTABILITY = YES;
				GCC_C_LANGUAGE_STANDARD = gnu99;
				GCC_DYNAMIC_NO_PIC = NO;
				GCC_NO_COMMON_BLOCKS = YES;
				GCC_OPTIMIZATION_LEVEL = 0;
				GCC_PREPROCESSOR_DEFINITIONS = (
					"DEBUG=1",
					"$(inherited)",
				);
				GCC_WARN_64_TO_32_BIT_CONVERSION = YES;
				GCC_WARN_ABOUT_RETURN_TYPE = YES_ERROR;
				GCC_WARN_UNDECLARED_SELECTOR = YES;
				GCC_WARN_UNINITIALIZED_AUTOS = YES_AGGRESSIVE;
				GCC_WARN_UNUSED_FUNCTION = YES;
				GCC_WARN_UNUSED_VARIABLE = YES;
				IPHONEOS_DEPLOYMENT_TARGET = 10.2;
				MTL_ENABLE_DEBUG_INFO = YES;
				ONLY_ACTIVE_ARCH = YES;
				SDKROOT = iphoneos;
				SWIFT_ACTIVE_COMPILATION_CONDITIONS = DEBUG;
				SWIFT_OPTIMIZATION_LEVEL = "-Onone";
				TARGETED_DEVICE_FAMILY = 2;
			};
			name = Debug;
		};
		768283FF1EEDC0B600F290FD /* Release */ = {
			isa = XCBuildConfiguration;
			buildSettings = {
				ALWAYS_SEARCH_USER_PATHS = NO;
				CLANG_ANALYZER_NONNULL = YES;
				CLANG_CXX_LANGUAGE_STANDARD = "gnu++0x";
				CLANG_CXX_LIBRARY = "libc++";
				CLANG_ENABLE_MODULES = YES;
				CLANG_ENABLE_OBJC_ARC = YES;
				CLANG_WARN_BOOL_CONVERSION = YES;
				CLANG_WARN_CONSTANT_CONVERSION = YES;
				CLANG_WARN_DIRECT_OBJC_ISA_USAGE = YES_ERROR;
				CLANG_WARN_DOCUMENTATION_COMMENTS = YES;
				CLANG_WARN_EMPTY_BODY = YES;
				CLANG_WARN_ENUM_CONVERSION = YES;
				CLANG_WARN_INFINITE_RECURSION = YES;
				CLANG_WARN_INT_CONVERSION = YES;
				CLANG_WARN_OBJC_ROOT_CLASS = YES_ERROR;
				CLANG_WARN_SUSPICIOUS_MOVE = YES;
				CLANG_WARN_UNREACHABLE_CODE = YES;
				CLANG_WARN__DUPLICATE_METHOD_MATCH = YES;
				"CODE_SIGN_IDENTITY[sdk=iphoneos*]" = "iPhone Developer";
				COPY_PHASE_STRIP = NO;
				DEBUG_INFORMATION_FORMAT = "dwarf-with-dsym";
				ENABLE_NS_ASSERTIONS = NO;
				ENABLE_STRICT_OBJC_MSGSEND = YES;
				GCC_C_LANGUAGE_STANDARD = gnu99;
				GCC_NO_COMMON_BLOCKS = YES;
				GCC_WARN_64_TO_32_BIT_CONVERSION = YES;
				GCC_WARN_ABOUT_RETURN_TYPE = YES_ERROR;
				GCC_WARN_UNDECLARED_SELECTOR = YES;
				GCC_WARN_UNINITIALIZED_AUTOS = YES_AGGRESSIVE;
				GCC_WARN_UNUSED_FUNCTION = YES;
				GCC_WARN_UNUSED_VARIABLE = YES;
				IPHONEOS_DEPLOYMENT_TARGET = 10.2;
				MTL_ENABLE_DEBUG_INFO = NO;
				SDKROOT = iphoneos;
				SWIFT_OPTIMIZATION_LEVEL = "-Owholemodule";
				TARGETED_DEVICE_FAMILY = 2;
				VALIDATE_PRODUCT = YES;
			};
			name = Release;
		};
		768284011EEDC0B600F290FD /* Debug */ = {
			isa = XCBuildConfiguration;
			buildSettings = {
				ASSETCATALOG_COMPILER_APPICON_NAME = AppIcon;
				INFOPLIST_FILE = FireworksNight/Info.plist;
				LD_RUNPATH_SEARCH_PATHS = "$(inherited) @executable_path/Frameworks";
				PRODUCT_BUNDLE_IDENTIFIER = com.nbalsmeyer.FireworksNight;
				PRODUCT_NAME = "$(TARGET_NAME)";
				SWIFT_VERSION = 3.0;
			};
			name = Debug;
		};
		768284021EEDC0B600F290FD /* Release */ = {
			isa = XCBuildConfiguration;
			buildSettings = {
				ASSETCATALOG_COMPILER_APPICON_NAME = AppIcon;
				INFOPLIST_FILE = FireworksNight/Info.plist;
				LD_RUNPATH_SEARCH_PATHS = "$(inherited) @executable_path/Frameworks";
				PRODUCT_BUNDLE_IDENTIFIER = com.nbalsmeyer.FireworksNight;
				PRODUCT_NAME = "$(TARGET_NAME)";
				SWIFT_VERSION = 3.0;
			};
			name = Release;
		};
/* End XCBuildConfiguration section */

/* Begin XCConfigurationList section */
		768283E31EEDC0B600F290FD /* Build configuration list for PBXProject "FireworksNight" */ = {
			isa = XCConfigurationList;
			buildConfigurations = (
				768283FE1EEDC0B600F290FD /* Debug */,
				768283FF1EEDC0B600F290FD /* Release */,
			);
			defaultConfigurationIsVisible = 0;
			defaultConfigurationName = Release;
		};
		768284001EEDC0B600F290FD /* Build configuration list for PBXNativeTarget "FireworksNight" */ = {
			isa = XCConfigurationList;
			buildConfigurations = (
				768284011EEDC0B600F290FD /* Debug */,
				768284021EEDC0B600F290FD /* Release */,
			);
			defaultConfigurationIsVisible = 0;
		};
/* End XCConfigurationList section */
	};
	rootObject = 768283E01EEDC0B600F290FD /* Project object */;
}
